
Microsoft Visual Studio Solution File, Format Version 12.00
# Visual Studio Version 17
VisualStudioVersion = 17.14.36616.10 d17.14
MinimumVisualStudioVersion = 10.0.40219.1
Project("{FAE04EC0-301F-11D3-BF4B-00C04F79EFBC}") = "TicTacToeGoF.UI", "TicTacToeGoF.UI\TicTacToeGoF.UI.csproj", "{4ED9CCCF-C4CE-43B5-942B-462D9B2B3281}"
EndProject
Project("{FAE04EC0-301F-11D3-BF4B-00C04F79EFBC}") = "TicTacToeGoF.Core", "TicTacToeGoF.Core\TicTacToeGoF.Core.csproj", "{70DA8B6F-8D90-4201-94E7-B9FD08B9DBAE}"
EndProject
Project("{FAE04EC0-301F-11D3-BF4B-00C04F79EFBC}") = "TicTacToeGoF.Tests", "TicTacToeGoF.Tests\TicTacToeGoF.Tests.csproj", "{A0AE203A-5B74-4F20-AFAF-A84477DA040E}"
EndProject
Global
	GlobalSection(SolutionConfigurationPlatforms) = preSolution
		Debug|Any CPU = Debug|Any CPU
		Release|Any CPU = Release|Any CPU
	EndGlobalSection
	GlobalSection(ProjectConfigurationPlatforms) = postSolution
		{4ED9CCCF-C4CE-43B5-942B-462D9B2B3281}.Debug|Any CPU.ActiveCfg = Debug|Any CPU
		{4ED9CCCF-C4CE-43B5-942B-462D9B2B3281}.Debug|Any CPU.Build.0 = Debug|Any CPU
		{4ED9CCCF-C4CE-43B5-942B-462D9B2B3281}.Release|Any CPU.ActiveCfg = Release|Any CPU
		{4ED9CCCF-C4CE-43B5-942B-462D9B2B3281}.Release|Any CPU.Build.0 = Release|Any CPU
		{70DA8B6F-8D90-4201-94E7-B9FD08B9DBAE}.Debug|Any CPU.ActiveCfg = Debug|Any CPU
		{70DA8B6F-8D90-4201-94E7-B9FD08B9DBAE}.Debug|Any CPU.Build.0 = Debug|Any CPU
		{70DA8B6F-8D90-4201-94E7-B9FD08B9DBAE}.Release|Any CPU.ActiveCfg = Release|Any CPU
		{70DA8B6F-8D90-4201-94E7-B9FD08B9DBAE}.Release|Any CPU.Build.0 = Release|Any CPU
		{A0AE203A-5B74-4F20-AFAF-A84477DA040E}.Debug|Any CPU.ActiveCfg = Debug|Any CPU
		{A0AE203A-5B74-4F20-AFAF-A84477DA040E}.Debug|Any CPU.Build.0 = Debug|Any CPU
		{A0AE203A-5B74-4F20-AFAF-A84477DA040E}.Release|Any CPU.ActiveCfg = Release|Any CPU
		{A0AE203A-5B74-4F20-AFAF-A84477DA040E}.Release|Any CPU.Build.0 = Release|Any CPU
	EndGlobalSection
	GlobalSection(SolutionProperties) = preSolution
		HideSolutionNode = FALSE
	EndGlobalSection
	GlobalSection(ExtensibilityGlobals) = postSolution
		SolutionGuid = {12D3D5BB-B416-408A-B784-CA454068D7D1}
	EndGlobalSection
EndGlobal
